
Microsoft Visual Studio Solution File, Format Version 12.00
# Visual Studio 14
VisualStudioVersion = 14.0.23107.0
MinimumVisualStudioVersion = 10.0.40219.1
Project("{FAE04EC0-301F-11D3-BF4B-00C04F79EFBC}") = "Scientific Calculator", "Scientific Calculator\Scientific Calculator.csproj", "{D73103F1-F765-4D8F-9DF2-7CDABD764632}"
EndProject
Project("{FAE04EC0-301F-11D3-BF4B-00C04F79EFBC}") = "Calculator+", "Weather\Calculator+.csproj", "{728E6F9C-9EF2-4538-B74C-FFD6927582A7}"
EndProject
Project("{FAE04EC0-301F-11D3-BF4B-00C04F79EFBC}") = "MathOperation", "MathOperation\MathOperation.csproj", "{7360713B-CAC5-4B6A-8290-FA3A9A1DD5C2}"
EndProject
Project("{FAE04EC0-301F-11D3-BF4B-00C04F79EFBC}") = "Object Initializer", "Object Initializer\Object Initializer.csproj", "{B8A214C5-A496-4F4F-BF7F-B9D63D3B1360}"
EndProject
Project("{FAE04EC0-301F-11D3-BF4B-00C04F79EFBC}") = "Clicked", "Clicked\Clicked.csproj", "{3F5D46C1-FE65-4F21-9DF5-EA748999F5C2}"
EndProject
Global
	GlobalSection(SolutionConfigurationPlatforms) = preSolution
		Debug|Any CPU = Debug|Any CPU
		Release|Any CPU = Release|Any CPU
	EndGlobalSection
	GlobalSection(ProjectConfigurationPlatforms) = postSolution
		{D73103F1-F765-4D8F-9DF2-7CDABD764632}.Debug|Any CPU.ActiveCfg = Debug|Any CPU
		{D73103F1-F765-4D8F-9DF2-7CDABD764632}.Debug|Any CPU.Build.0 = Debug|Any CPU
		{D73103F1-F765-4D8F-9DF2-7CDABD764632}.Release|Any CPU.ActiveCfg = Release|Any CPU
		{D73103F1-F765-4D8F-9DF2-7CDABD764632}.Release|Any CPU.Build.0 = Release|Any CPU
		{728E6F9C-9EF2-4538-B74C-FFD6927582A7}.Debug|Any CPU.ActiveCfg = Debug|Any CPU
		{728E6F9C-9EF2-4538-B74C-FFD6927582A7}.Debug|Any CPU.Build.0 = Debug|Any CPU
		{728E6F9C-9EF2-4538-B74C-FFD6927582A7}.Release|Any CPU.ActiveCfg = Release|Any CPU
		{728E6F9C-9EF2-4538-B74C-FFD6927582A7}.Release|Any CPU.Build.0 = Release|Any CPU
		{7360713B-CAC5-4B6A-8290-FA3A9A1DD5C2}.Debug|Any CPU.ActiveCfg = Debug|Any CPU
		{7360713B-CAC5-4B6A-8290-FA3A9A1DD5C2}.Debug|Any CPU.Build.0 = Debug|Any CPU
		{7360713B-CAC5-4B6A-8290-FA3A9A1DD5C2}.Release|Any CPU.ActiveCfg = Release|Any CPU
		{7360713B-CAC5-4B6A-8290-FA3A9A1DD5C2}.Release|Any CPU.Build.0 = Release|Any CPU
		{B8A214C5-A496-4F4F-BF7F-B9D63D3B1360}.Debug|Any CPU.ActiveCfg = Debug|Any CPU
		{B8A214C5-A496-4F4F-BF7F-B9D63D3B1360}.Debug|Any CPU.Build.0 = Debug|Any CPU
		{B8A214C5-A496-4F4F-BF7F-B9D63D3B1360}.Release|Any CPU.ActiveCfg = Release|Any CPU
		{B8A214C5-A496-4F4F-BF7F-B9D63D3B1360}.Release|Any CPU.Build.0 = Release|Any CPU
		{3F5D46C1-FE65-4F21-9DF5-EA748999F5C2}.Debug|Any CPU.ActiveCfg = Debug|Any CPU
		{3F5D46C1-FE65-4F21-9DF5-EA748999F5C2}.Debug|Any CPU.Build.0 = Debug|Any CPU
		{3F5D46C1-FE65-4F21-9DF5-EA748999F5C2}.Release|Any CPU.ActiveCfg = Release|Any CPU
		{3F5D46C1-FE65-4F21-9DF5-EA748999F5C2}.Release|Any CPU.Build.0 = Release|Any CPU
	EndGlobalSection
	GlobalSection(SolutionProperties) = preSolution
		HideSolutionNode = FALSE
	EndGlobalSection
EndGlobal
